
Microsoft Visual Studio Solution File, Format Version 12.00
# Visual Studio Version 17
VisualStudioVersion = 17.14.36310.24 d17.14
MinimumVisualStudioVersion = 10.0.40219.1
Project("{FAE04EC0-301F-11D3-BF4B-00C04F79EFBC}") = "DapperDemo", "DapperDemo\DapperDemo.csproj", "{577FAB02-56E1-43BF-9CA8-D99D7998B55E}"
EndProject
Project("{00D1A9C2-B5F0-4AF3-8072-F6C62B433612}") = "DemoDb", "DemoDb\DemoDb.sqlproj", "{27424730-6981-40F5-997A-92070A0B8ADB}"
EndProject
Global
	GlobalSection(SolutionConfigurationPlatforms) = preSolution
		Debug|Any CPU = Debug|Any CPU
		Release|Any CPU = Release|Any CPU
	EndGlobalSection
	GlobalSection(ProjectConfigurationPlatforms) = postSolution
		{577FAB02-56E1-43BF-9CA8-D99D7998B55E}.Debug|Any CPU.ActiveCfg = Debug|Any CPU
		{577FAB02-56E1-43BF-9CA8-D99D7998B55E}.Debug|Any CPU.Build.0 = Debug|Any CPU
		{577FAB02-56E1-43BF-9CA8-D99D7998B55E}.Release|Any CPU.ActiveCfg = Release|Any CPU
		{577FAB02-56E1-43BF-9CA8-D99D7998B55E}.Release|Any CPU.Build.0 = Release|Any CPU
		{27424730-6981-40F5-997A-92070A0B8ADB}.Debug|Any CPU.ActiveCfg = Debug|Any CPU
		{27424730-6981-40F5-997A-92070A0B8ADB}.Debug|Any CPU.Build.0 = Debug|Any CPU
		{27424730-6981-40F5-997A-92070A0B8ADB}.Debug|Any CPU.Deploy.0 = Debug|Any CPU
		{27424730-6981-40F5-997A-92070A0B8ADB}.Release|Any CPU.ActiveCfg = Release|Any CPU
		{27424730-6981-40F5-997A-92070A0B8ADB}.Release|Any CPU.Build.0 = Release|Any CPU
		{27424730-6981-40F5-997A-92070A0B8ADB}.Release|Any CPU.Deploy.0 = Release|Any CPU
	EndGlobalSection
	GlobalSection(SolutionProperties) = preSolution
		HideSolutionNode = FALSE
	EndGlobalSection
	GlobalSection(ExtensibilityGlobals) = postSolution
		SolutionGuid = {E14AC956-D266-4B81-9C1F-A54FBD1604C0}
	EndGlobalSection
EndGlobal
